PODS:
  - BlocksKit (2.2.5):
    - BlocksKit/All (= 2.2.5)
  - BlocksKit/All (2.2.5):
    - BlocksKit/Core
    - BlocksKit/DynamicDelegate
    - BlocksKit/MessageUI
    - BlocksKit/UIKit
  - BlocksKit/Core (2.2.5)
  - BlocksKit/DynamicDelegate (2.2.5)
  - BlocksKit/MessageUI (2.2.5):
    - BlocksKit/Core
    - BlocksKit/DynamicDelegate
  - BlocksKit/UIKit (2.2.5):
    - BlocksKit/Core
    - BlocksKit/DynamicDelegate
  - CocoaAsyncSocket (7.4.1)
  - YOLayout (0.1.5):
    - YOLayout/Box (= 0.1.5)
  - YOLayout/Box (0.1.5)

DEPENDENCIES:
  - BlocksKit (~> 2.2.5)
  - CocoaAsyncSocket
  - YOLayout (~> 0.1.5)

SPEC CHECKSUMS:
  BlocksKit: 7f422b971407001178d181a43b99014ea2591fe6
  CocoaAsyncSocket: 7cbf214b27f8e7f7574db6a3fd96352ffaed433d
  YOLayout: d92d2f581f67a2f5e49e58447433eed6ac6b134a

COCOAPODS: 0.38.2
